
Microsoft Visual Studio Solution File, Format Version 12.00
# Visual Studio Version 17
VisualStudioVersion = 17.8.34408.163
MinimumVisualStudioVersion = 10.0.40219.1
Project("{9A19103F-16F7-4668-BE54-9A1E7A4F7556}") = "MultiUserLoginTrial", "MultiUserLoginTrial\MultiUserLoginTrial.csproj", "{87B99193-9A78-468F-A2DA-3585DFFD7721}"
EndProject
Project("{FAE04EC0-301F-11D3-BF4B-00C04F79EFBC}") = "MultiLogin.Models", "MultiLogin.Models\MultiLogin.Models.csproj", "{F8FFAB92-C0D7-4A1D-8386-630C68ADA46F}"
EndProject
Project("{FAE04EC0-301F-11D3-BF4B-00C04F79EFBC}") = "MultiLogin.DataAccess", "MultiLogin.DataAccess\MultiLogin.DataAccess.csproj", "{01C31BBF-3CD5-42F5-8F39-062C2C9E4D46}"
EndProject
Global
	GlobalSection(SolutionConfigurationPlatforms) = preSolution
		Debug|Any CPU = Debug|Any CPU
		Release|Any CPU = Release|Any CPU
	EndGlobalSection
	GlobalSection(ProjectConfigurationPlatforms) = postSolution
		{87B99193-9A78-468F-A2DA-3585DFFD7721}.Debug|Any CPU.ActiveCfg = Debug|Any CPU
		{87B99193-9A78-468F-A2DA-3585DFFD7721}.Debug|Any CPU.Build.0 = Debug|Any CPU
		{87B99193-9A78-468F-A2DA-3585DFFD7721}.Release|Any CPU.ActiveCfg = Release|Any CPU
		{87B99193-9A78-468F-A2DA-3585DFFD7721}.Release|Any CPU.Build.0 = Release|Any CPU
		{F8FFAB92-C0D7-4A1D-8386-630C68ADA46F}.Debug|Any CPU.ActiveCfg = Debug|Any CPU
		{F8FFAB92-C0D7-4A1D-8386-630C68ADA46F}.Debug|Any CPU.Build.0 = Debug|Any CPU
		{F8FFAB92-C0D7-4A1D-8386-630C68ADA46F}.Release|Any CPU.ActiveCfg = Release|Any CPU
		{F8FFAB92-C0D7-4A1D-8386-630C68ADA46F}.Release|Any CPU.Build.0 = Release|Any CPU
		{01C31BBF-3CD5-42F5-8F39-062C2C9E4D46}.Debug|Any CPU.ActiveCfg = Debug|Any CPU
		{01C31BBF-3CD5-42F5-8F39-062C2C9E4D46}.Debug|Any CPU.Build.0 = Debug|Any CPU
		{01C31BBF-3CD5-42F5-8F39-062C2C9E4D46}.Release|Any CPU.ActiveCfg = Release|Any CPU
		{01C31BBF-3CD5-42F5-8F39-062C2C9E4D46}.Release|Any CPU.Build.0 = Release|Any CPU
	EndGlobalSection
	GlobalSection(SolutionProperties) = preSolution
		HideSolutionNode = FALSE
	EndGlobalSection
	GlobalSection(ExtensibilityGlobals) = postSolution
		SolutionGuid = {3F4273F7-9326-4A77-B015-3F0892A0AB7D}
	EndGlobalSection
EndGlobal
